
Microsoft Visual Studio Solution File, Format Version 12.00
# Visual Studio Version 17
VisualStudioVersion = 17.8.34525.116
MinimumVisualStudioVersion = 10.0.40219.1
Project("{FAE04EC0-301F-11D3-BF4B-00C04F79EFBC}") = "ConsoleArray5", "ConsoleArray5\ConsoleArray5.csproj", "{76C68643-378C-4EE8-8176-F52E4A540515}"
EndProject
Global
	GlobalSection(SolutionConfigurationPlatforms) = preSolution
		Debug|Any CPU = Debug|Any CPU
		Release|Any CPU = Release|Any CPU
	EndGlobalSection
	GlobalSection(ProjectConfigurationPlatforms) = postSolution
		{76C68643-378C-4EE8-8176-F52E4A540515}.Debug|Any CPU.ActiveCfg = Debug|Any CPU
		{76C68643-378C-4EE8-8176-F52E4A540515}.Debug|Any CPU.Build.0 = Debug|Any CPU
		{76C68643-378C-4EE8-8176-F52E4A540515}.Release|Any CPU.ActiveCfg = Release|Any CPU
		{76C68643-378C-4EE8-8176-F52E4A540515}.Release|Any CPU.Build.0 = Release|Any CPU
	EndGlobalSection
	GlobalSection(SolutionProperties) = preSolution
		HideSolutionNode = FALSE
	EndGlobalSection
	GlobalSection(ExtensibilityGlobals) = postSolution
		SolutionGuid = {DAF500AB-24C7-4C6A-9EC6-9941AC49E50C}
	EndGlobalSection
EndGlobal
